// !$*UTF8*$!
{
	archiveVersion = 1;
	classes = {
	};
	objectVersion = 46;
	objects = {

/* Begin PBXBuildFile section */
		377765231DC71E60006941BF /* main.m in Sources */ = {isa = PBXBuildFile; fileRef = 377765221DC71E60006941BF /* main.m */; };
		377765261DC71E60006941BF /* AppDelegate.m in Sources */ = {isa = PBXBuildFile; fileRef = 377765251DC71E60006941BF /* AppDelegate.m */; };
		377765291DC71E60006941BF /* ViewController.m in Sources */ = {isa = PBXBuildFile; fileRef = 377765281DC71E60006941BF /* ViewController.m */; };
		3777652E1DC71E60006941BF /* Assets.xcassets in Resources */ = {isa = PBXBuildFile; fileRef = 3777652D1DC71E60006941BF /* Assets.xcassets */; };
		377765311DC71E60006941BF /* LaunchScreen.storyboard in Resources */ = {isa = PBXBuildFile; fileRef = 3777652F1DC71E60006941BF /* LaunchScreen.storyboard */; };
		3777653C1DC71E60006941BF /* learningAVPlayingTests.m in Sources */ = {isa = PBXBuildFile; fileRef = 3777653B1DC71E60006941BF /* learningAVPlayingTests.m */; };
		377765471DC71E60006941BF /* learningAVPlayingUITests.m in Sources */ = {isa = PBXBuildFile; fileRef = 377765461DC71E60006941BF /* learningAVPlayingUITests.m */; };
		3777655A1DC72096006941BF /* a.mp4 in Resources */ = {isa = PBXBuildFile; fileRef = 377765591DC72096006941BF /* a.mp4 */; };
		3777655D1DC7232C006941BF /* AVFoundation.framework in Frameworks */ = {isa = PBXBuildFile; fileRef = 3777655C1DC7232C006941BF /* AVFoundation.framework */; };
		37B3E2C11DD16D2F0045E14A /* playView+playInfoShow.m in Sources */ = {isa = PBXBuildFile; fileRef = 37B3E2C01DD16D2F0045E14A /* playView+playInfoShow.m */; };
		37B3E2C41DD17F900045E14A /* playView+showHMSecond.m in Sources */ = {isa = PBXBuildFile; fileRef = 37B3E2C31DD17F900045E14A /* playView+showHMSecond.m */; };
		37B3E2C71DD182A60045E14A /* playView+slidePlayControl.m in Sources */ = {isa = PBXBuildFile; fileRef = 37B3E2C61DD182A60045E14A /* playView+slidePlayControl.m */; };
		37BC0EBA1DE9D9AA007E82F2 /* progressSlideView.m in Sources */ = {isa = PBXBuildFile; fileRef = 37BC0EB91DE9D9AA007E82F2 /* progressSlideView.m */; };
		37C796D61DC8361F0007D8B2 /* b.mp4 in Resources */ = {isa = PBXBuildFile; fileRef = 37C796D51DC8361F0007D8B2 /* b.mp4 */; };
		37F500FE1DCF45F000EB93E6 /* playView.m in Sources */ = {isa = PBXBuildFile; fileRef = 37F500FB1DCF45F000EB93E6 /* playView.m */; };
		37F500FF1DCF45F000EB93E6 /* progressView.m in Sources */ = {isa = PBXBuildFile; fileRef = 37F500FD1DCF45F000EB93E6 /* progressView.m */; };
		37F501031DCF468800EB93E6 /* playView+playControl.m in Sources */ = {isa = PBXBuildFile; fileRef = 37F501021DCF468800EB93E6 /* playView+playControl.m */; };
		F4F87A562B4AEB8B54598129 /* libPods-learningAVPlaying.a in Frameworks */ = {isa = PBXBuildFile; fileRef = DF2D95CEA66B3E30D2AA0E8C /* libPods-learningAVPlaying.a */; };
/* End PBXBuildFile section */

/* Begin PBXContainerItemProxy section */
		377765381DC71E60006941BF /* PBXContainerItemProxy */ = {
			isa = PBXContainerItemProxy;
			containerPortal = 377765161DC71E60006941BF /* Project object */;
			proxyType = 1;
			remoteGlobalIDString = 3777651D1DC71E60006941BF;
			remoteInfo = learningAVPlaying;
		};
		377765431DC71E60006941BF /* PBXContainerItemProxy */ = {
			isa = PBXContainerItemProxy;
			containerPortal = 377765161DC71E60006941BF /* Project object */;
			proxyType = 1;
			remoteGlobalIDString = 3777651D1DC71E60006941BF;
			remoteInfo = learningAVPlaying;
		};
/* End PBXContainerItemProxy section */

/* Begin PBXFileReference section */
		1150460C1BED7A8FB3447378 /* Pods-learningAVPlaying.debug.xcconfig */ = {isa = PBXFileReference; includeInIndex = 1; lastKnownFileType = text.xcconfig; name = "Pods-learningAVPlaying.debug.xcconfig"; path = "Pods/Target Support Files/Pods-learningAVPlaying/Pods-learningAVPlaying.debug.xcconfig"; sourceTree = "<group>"; };
		3777651E1DC71E60006941BF /* learningAVPlaying.app */ = {isa = PBXFileReference; explicitFileType = wrapper.application; includeInIndex = 0; path = learningAVPlaying.app; sourceTree = BUILT_PRODUCTS_DIR; };
		377765221DC71E60006941BF /* main.m */ = {isa = PBXFileReference; lastKnownFileType = sourcecode.c.objc; path = main.m; sourceTree = "<group>"; };
		377765241DC71E60006941BF /* AppDelegate.h */ = {isa = PBXFileReference; lastKnownFileType = sourcecode.c.h; path = AppDelegate.h; sourceTree = "<group>"; };
		377765251DC71E60006941BF /* AppDelegate.m */ = {isa = PBXFileReference; lastKnownFileType = sourcecode.c.objc; path = AppDelegate.m; sourceTree = "<group>"; };
		377765271DC71E60006941BF /* ViewController.h */ = {isa = PBXFileReference; lastKnownFileType = sourcecode.c.h; path = ViewController.h; sourceTree = "<group>"; };
		377765281DC71E60006941BF /* ViewController.m */ = {isa = PBXFileReference; lastKnownFileType = sourcecode.c.objc; path = ViewController.m; sourceTree = "<group>"; };
		3777652D1DC71E60006941BF /* Assets.xcassets */ = {isa = PBXFileReference; lastKnownFileType = folder.assetcatalog; path = Assets.xcassets; sourceTree = "<group>"; };
		377765301DC71E60006941BF /* Base */ = {isa = PBXFileReference; lastKnownFileType = file.storyboard; name = Base; path = Base.lproj/LaunchScreen.storyboard; sourceTree = "<group>"; };
		377765321DC71E60006941BF /* Info.plist */ = {isa = PBXFileReference; lastKnownFileType = text.plist.xml; path = Info.plist; sourceTree = "<group>"; };
		377765371DC71E60006941BF /* learningAVPlayingTests.xctest */ = {isa = PBXFileReference; explicitFileType = wrapper.cfbundle; includeInIndex = 0; path = learningAVPlayingTests.xctest; sourceTree = BUILT_PRODUCTS_DIR; };
		3777653B1DC71E60006941BF /* learningAVPlayingTests.m */ = {isa = PBXFileReference; lastKnownFileType = sourcecode.c.objc; path = learningAVPlayingTests.m; sourceTree = "<group>"; };
		3777653D1DC71E60006941BF /* Info.plist */ = {isa = PBXFileReference; lastKnownFileType = text.plist.xml; path = Info.plist; sourceTree = "<group>"; };
		377765421DC71E60006941BF /* learningAVPlayingUITests.xctest */ = {isa = PBXFileReference; explicitFileType = wrapper.cfbundle; includeInIndex = 0; path = learningAVPlayingUITests.xctest; sourceTree = BUILT_PRODUCTS_DIR; };
		377765461DC71E60006941BF /* learningAVPlayingUITests.m */ = {isa = PBXFileReference; lastKnownFileType = sourcecode.c.objc; path = learningAVPlayingUITests.m; sourceTree = "<group>"; };
		377765481DC71E60006941BF /* Info.plist */ = {isa = PBXFileReference; lastKnownFileType = text.plist.xml; path = Info.plist; sourceTree = "<group>"; };
		377765591DC72096006941BF /* a.mp4 */ = {isa = PBXFileReference; lastKnownFileType = file; path = a.mp4; sourceTree = "<group>"; };
		3777655C1DC7232C006941BF /* AVFoundation.framework */ = {isa = PBXFileReference; lastKnownFileType = wrapper.framework; name = AVFoundation.framework; path = System/Library/Frameworks/AVFoundation.framework; sourceTree = SDKROOT; };
		37B3E2BF1DD16D2F0045E14A /* playView+playInfoShow.h */ = {isa = PBXFileReference; fileEncoding = 4; lastKnownFileType = sourcecode.c.h; path = "playView+playInfoShow.h"; sourceTree = "<group>"; };
		37B3E2C01DD16D2F0045E14A /* playView+playInfoShow.m */ = {isa = PBXFileReference; fileEncoding = 4; lastKnownFileType = sourcecode.c.objc; path = "playView+playInfoShow.m"; sourceTree = "<group>"; };
		37B3E2C21DD17F900045E14A /* playView+showHMSecond.h */ = {isa = PBXFileReference; fileEncoding = 4; lastKnownFileType = sourcecode.c.h; path = "playView+showHMSecond.h"; sourceTree = "<group>"; };
		37B3E2C31DD17F900045E14A /* playView+showHMSecond.m */ = {isa = PBXFileReference; fileEncoding = 4; lastKnownFileType = sourcecode.c.objc; path = "playView+showHMSecond.m"; sourceTree = "<group>"; };
		37B3E2C51DD182A60045E14A /* playView+slidePlayControl.h */ = {isa = PBXFileReference; fileEncoding = 4; lastKnownFileType = sourcecode.c.h; path = "playView+slidePlayControl.h"; sourceTree = "<group>"; };
		37B3E2C61DD182A60045E14A /* playView+slidePlayControl.m */ = {isa = PBXFileReference; fileEncoding = 4; lastKnownFileType = sourcecode.c.objc; path = "playView+slidePlayControl.m"; sourceTree = "<group>"; };
		37BC0EB81DE9D9AA007E82F2 /* progressSlideView.h */ = {isa = PBXFileReference; fileEncoding = 4; lastKnownFileType = sourcecode.c.h; path = progressSlideView.h; sourceTree = "<group>"; };
		37BC0EB91DE9D9AA007E82F2 /* progressSlideView.m */ = {isa = PBXFileReference; fileEncoding = 4; lastKnownFileType = sourcecode.c.objc; path = progressSlideView.m; sourceTree = "<group>"; };
		37C796D51DC8361F0007D8B2 /* b.mp4 */ = {isa = PBXFileReference; lastKnownFileType = file; path = b.mp4; sourceTree = "<group>"; };
		37F500FA1DCF45F000EB93E6 /* playView.h */ = {isa = PBXFileReference; fileEncoding = 4; lastKnownFileType = sourcecode.c.h; path = playView.h; sourceTree = "<group>"; };
		37F500FB1DCF45F000EB93E6 /* playView.m */ = {isa = PBXFileReference; fileEncoding = 4; lastKnownFileType = sourcecode.c.objc; path = playView.m; sourceTree = "<group>"; };
		37F500FC1DCF45F000EB93E6 /* progressView.h */ = {isa = PBXFileReference; fileEncoding = 4; lastKnownFileType = sourcecode.c.h; path = progressView.h; sourceTree = "<group>"; };
		37F500FD1DCF45F000EB93E6 /* progressView.m */ = {isa = PBXFileReference; fileEncoding = 4; lastKnownFileType = sourcecode.c.objc; path = progressView.m; sourceTree = "<group>"; };
		37F501011DCF468800EB93E6 /* playView+playControl.h */ = {isa = PBXFileReference; fileEncoding = 4; lastKnownFileType = sourcecode.c.h; path = "playView+playControl.h"; sourceTree = "<group>"; };
		37F501021DCF468800EB93E6 /* playView+playControl.m */ = {isa = PBXFileReference; fileEncoding = 4; lastKnownFileType = sourcecode.c.objc; path = "playView+playControl.m"; sourceTree = "<group>"; };
		B392A42543F5D71AA222456F /* Pods-learningAVPlaying.release.xcconfig */ = {isa = PBXFileReference; includeInIndex = 1; lastKnownFileType = text.xcconfig; name = "Pods-learningAVPlaying.release.xcconfig"; path = "Pods/Target Support Files/Pods-learningAVPlaying/Pods-learningAVPlaying.release.xcconfig"; sourceTree = "<group>"; };
		DF2D95CEA66B3E30D2AA0E8C /* libPods-learningAVPlaying.a */ = {isa = PBXFileReference; explicitFileType = archive.ar; includeInIndex = 0; path = "libPods-learningAVPlaying.a"; sourceTree = BUILT_PRODUCTS_DIR; };
/* End PBXFileReference section */

/* Begin PBXFrameworksBuildPhase section */
		3777651B1DC71E60006941BF /* Frameworks */ = {
			isa = PBXFrameworksBuildPhase;
			buildActionMask = 2147483647;
			files = (
				3777655D1DC7232C006941BF /* AVFoundation.framework in Frameworks */,
				F4F87A562B4AEB8B54598129 /* libPods-learningAVPlaying.a in Frameworks */,
			);
			runOnlyForDeploymentPostprocessing = 0;
		};
		377765341DC71E60006941BF /* Frameworks */ = {
			isa = PBXFrameworksBuildPhase;
			buildActionMask = 2147483647;
			files = (
			);
			runOnlyForDeploymentPostprocessing = 0;
		};
		3777653F1DC71E60006941BF /* Frameworks */ = {
			isa = PBXFrameworksBuildPhase;
			buildActionMask = 2147483647;
			files = (
			);
			runOnlyForDeploymentPostprocessing = 0;
		};
/* End PBXFrameworksBuildPhase section */

/* Begin PBXGroup section */
		377765151DC71E60006941BF = {
			isa = PBXGroup;
			children = (
				377765201DC71E60006941BF /* learningAVPlaying */,
				3777653A1DC71E60006941BF /* learningAVPlayingTests */,
				377765451DC71E60006941BF /* learningAVPlayingUITests */,
				3777651F1DC71E60006941BF /* Products */,
				3777655B1DC7232B006941BF /* Frameworks */,
				F7BCA6E49370592160DC11E6 /* Pods */,
			);
			sourceTree = "<group>";
		};
		3777651F1DC71E60006941BF /* Products */ = {
			isa = PBXGroup;
			children = (
				3777651E1DC71E60006941BF /* learningAVPlaying.app */,
				377765371DC71E60006941BF /* learningAVPlayingTests.xctest */,
				377765421DC71E60006941BF /* learningAVPlayingUITests.xctest */,
			);
			name = Products;
			sourceTree = "<group>";
		};
		377765201DC71E60006941BF /* learningAVPlaying */ = {
			isa = PBXGroup;
			children = (
				377765241DC71E60006941BF /* AppDelegate.h */,
				377765251DC71E60006941BF /* AppDelegate.m */,
				377765271DC71E60006941BF /* ViewController.h */,
				377765281DC71E60006941BF /* ViewController.m */,
				377765541DC71EA8006941BF /* customAVPlaying */,
				3777652D1DC71E60006941BF /* Assets.xcassets */,
				3777652F1DC71E60006941BF /* LaunchScreen.storyboard */,
				377765321DC71E60006941BF /* Info.plist */,
				377765581DC7208C006941BF /* source */,
				377765211DC71E60006941BF /* Supporting Files */,
			);
			path = learningAVPlaying;
			sourceTree = "<group>";
		};
		377765211DC71E60006941BF /* Supporting Files */ = {
			isa = PBXGroup;
			children = (
				377765221DC71E60006941BF /* main.m */,
			);
			name = "Supporting Files";
			sourceTree = "<group>";
		};
		3777653A1DC71E60006941BF /* learningAVPlayingTests */ = {
			isa = PBXGroup;
			children = (
				3777653B1DC71E60006941BF /* learningAVPlayingTests.m */,
				3777653D1DC71E60006941BF /* Info.plist */,
			);
			path = learningAVPlayingTests;
			sourceTree = "<group>";
		};
		377765451DC71E60006941BF /* learningAVPlayingUITests */ = {
			isa = PBXGroup;
			children = (
				377765461DC71E60006941BF /* learningAVPlayingUITests.m */,
				377765481DC71E60006941BF /* Info.plist */,
			);
			path = learningAVPlayingUITests;
			sourceTree = "<group>";
		};
		377765541DC71EA8006941BF /* customAVPlaying */ = {
			isa = PBXGroup;
			children = (
				37F501001DCF461B00EB93E6 /* categorys */,
				37F500F91DCF45F000EB93E6 /* playView */,
			);
			path = customAVPlaying;
			sourceTree = "<group>";
		};
		377765581DC7208C006941BF /* source */ = {
			isa = PBXGroup;
			children = (
				377765591DC72096006941BF /* a.mp4 */,
				37C796D51DC8361F0007D8B2 /* b.mp4 */,
			);
			path = source;
			sourceTree = "<group>";
		};
		3777655B1DC7232B006941BF /* Frameworks */ = {
			isa = PBXGroup;
			children = (
				3777655C1DC7232C006941BF /* AVFoundation.framework */,
				DF2D95CEA66B3E30D2AA0E8C /* libPods-learningAVPlaying.a */,
			);
			name = Frameworks;
			sourceTree = "<group>";
		};
		37F500F91DCF45F000EB93E6 /* playView */ = {
			isa = PBXGroup;
			children = (
				37F500FA1DCF45F000EB93E6 /* playView.h */,
				37F500FB1DCF45F000EB93E6 /* playView.m */,
				37F500FC1DCF45F000EB93E6 /* progressView.h */,
				37F500FD1DCF45F000EB93E6 /* progressView.m */,
				37BC0EB81DE9D9AA007E82F2 /* progressSlideView.h */,
				37BC0EB91DE9D9AA007E82F2 /* progressSlideView.m */,
			);
			path = playView;
			sourceTree = "<group>";
		};
		37F501001DCF461B00EB93E6 /* categorys */ = {
			isa = PBXGroup;
			children = (
				37F501011DCF468800EB93E6 /* playView+playControl.h */,
				37F501021DCF468800EB93E6 /* playView+playControl.m */,
				37B3E2C51DD182A60045E14A /* playView+slidePlayControl.h */,
				37B3E2C61DD182A60045E14A /* playView+slidePlayControl.m */,
				37B3E2BF1DD16D2F0045E14A /* playView+playInfoShow.h */,
				37B3E2C01DD16D2F0045E14A /* playView+playInfoShow.m */,
				37B3E2C21DD17F900045E14A /* playView+showHMSecond.h */,
				37B3E2C31DD17F900045E14A /* playView+showHMSecond.m */,
			);
			path = categorys;
			sourceTree = "<group>";
		};
		F7BCA6E49370592160DC11E6 /* Pods */ = {
			isa = PBXGroup;
			children = (
				1150460C1BED7A8FB3447378 /* Pods-learningAVPlaying.debug.xcconfig */,
				B392A42543F5D71AA222456F /* Pods-learningAVPlaying.release.xcconfig */,
			);
			name = Pods;
			sourceTree = "<group>";
		};
/* End PBXGroup section */

/* Begin PBXNativeTarget section */
		3777651D1DC71E60006941BF /* learningAVPlaying */ = {
			isa = PBXNativeTarget;
			buildConfigurationList = 3777654B1DC71E60006941BF /* Build configuration list for PBXNativeTarget "learningAVPlaying" */;
			buildPhases = (
				84E9D29ABBC85DFA88B6C712 /* [CP] Check Pods Manifest.lock */,
				3777651A1DC71E60006941BF /* Sources */,
				3777651B1DC71E60006941BF /* Frameworks */,
				3777651C1DC71E60006941BF /* Resources */,
				8905EC815059EDE24961169C /* [CP] Embed Pods Frameworks */,
				F8FCF48510AF53E75B8048BA /* [CP] Copy Pods Resources */,
			);
			buildRules = (
			);
			dependencies = (
			);
			name = learningAVPlaying;
			productName = learningAVPlaying;
			productReference = 3777651E1DC71E60006941BF /* learningAVPlaying.app */;
			productType = "com.apple.product-type.application";
		};
		377765361DC71E60006941BF /* learningAVPlayingTests */ = {
			isa = PBXNativeTarget;
			buildConfigurationList = 3777654E1DC71E60006941BF /* Build configuration list for PBXNativeTarget "learningAVPlayingTests" */;
			buildPhases = (
				377765331DC71E60006941BF /* Sources */,
				377765341DC71E60006941BF /* Frameworks */,
				377765351DC71E60006941BF /* Resources */,
			);
			buildRules = (
			);
			dependencies = (
				377765391DC71E60006941BF /* PBXTargetDependency */,
			);
			name = learningAVPlayingTests;
			productName = learningAVPlayingTests;
			productReference = 377765371DC71E60006941BF /* learningAVPlayingTests.xctest */;
			productType = "com.apple.product-type.bundle.unit-test";
		};
		377765411DC71E60006941BF /* learningAVPlayingUITests */ = {
			isa = PBXNativeTarget;
			buildConfigurationList = 377765511DC71E60006941BF /* Build configuration list for PBXNativeTarget "learningAVPlayingUITests" */;
			buildPhases = (
				3777653E1DC71E60006941BF /* Sources */,
				3777653F1DC71E60006941BF /* Frameworks */,
				377765401DC71E60006941BF /* Resources */,
			);
			buildRules = (
			);
			dependencies = (
				377765441DC71E60006941BF /* PBXTargetDependency */,
			);
			name = learningAVPlayingUITests;
			productName = learningAVPlayingUITests;
			productReference = 377765421DC71E60006941BF /* learningAVPlayingUITests.xctest */;
			productType = "com.apple.product-type.bundle.ui-testing";
		};
/* End PBXNativeTarget section */

/* Begin PBXProject section */
		377765161DC71E60006941BF /* Project object */ = {
			isa = PBXProject;
			attributes = {
				LastUpgradeCheck = 0800;
				ORGANIZATIONNAME = wangchao;
				TargetAttributes = {
					3777651D1DC71E60006941BF = {
						CreatedOnToolsVersion = 8.0;
						DevelopmentTeam = 29F87GM9ZX;
						ProvisioningStyle = Automatic;
					};
					377765361DC71E60006941BF = {
						CreatedOnToolsVersion = 8.0;
						DevelopmentTeam = 29F87GM9ZX;
						ProvisioningStyle = Automatic;
						TestTargetID = 3777651D1DC71E60006941BF;
					};
					377765411DC71E60006941BF = {
						CreatedOnToolsVersion = 8.0;
						DevelopmentTeam = 29F87GM9ZX;
						ProvisioningStyle = Automatic;
						TestTargetID = 3777651D1DC71E60006941BF;
					};
				};
			};
			buildConfigurationList = 377765191DC71E60006941BF /* Build configuration list for PBXProject "learningAVPlaying" */;
			compatibilityVersion = "Xcode 3.2";
			developmentRegion = English;
			hasScannedForEncodings = 0;
			knownRegions = (
				en,
				Base,
			);
			mainGroup = 377765151DC71E60006941BF;
			productRefGroup = 3777651F1DC71E60006941BF /* Products */;
			projectDirPath = "";
			projectRoot = "";
			targets = (
				3777651D1DC71E60006941BF /* learningAVPlaying */,
				377765361DC71E60006941BF /* learningAVPlayingTests */,
				377765411DC71E60006941BF /* learningAVPlayingUITests */,
			);
		};
/* End PBXProject section */

/* Begin PBXResourcesBuildPhase section */
		3777651C1DC71E60006941BF /* Resources */ = {
			isa = PBXResourcesBuildPhase;
			buildActionMask = 2147483647;
			files = (
				377765311DC71E60006941BF /* LaunchScreen.storyboard in Resources */,
				3777655A1DC72096006941BF /* a.mp4 in Resources */,
				3777652E1DC71E60006941BF /* Assets.xcassets in Resources */,
				37C796D61DC8361F0007D8B2 /* b.mp4 in Resources */,
			);
			runOnlyForDeploymentPostprocessing = 0;
		};
		377765351DC71E60006941BF /* Resources */ = {
			isa = PBXResourcesBuildPhase;
			buildActionMask = 2147483647;
			files = (
			);
			runOnlyForDeploymentPostprocessing = 0;
		};
		377765401DC71E60006941BF /* Resources */ = {
			isa = PBXResourcesBuildPhase;
			buildActionMask = 2147483647;
			files = (
			);
			runOnlyForDeploymentPostprocessing = 0;
		};
/* End PBXResourcesBuildPhase section */

/* Begin PBXShellScriptBuildPhase section */
		84E9D29ABBC85DFA88B6C712 /* [CP] Check Pods Manifest.lock */ = {
			isa = PBXShellScriptBuildPhase;
			buildActionMask = 2147483647;
			files = (
			);
			inputPaths = (
			);
			name = "[CP] Check Pods Manifest.lock";
			outputPaths = (
			);
			runOnlyForDeploymentPostprocessing = 0;
			shellPath = /bin/sh;
			shellScript = "diff \"${PODS_ROOT}/../Podfile.lock\" \"${PODS_ROOT}/Manifest.lock\" > /dev/null\nif [[ $? != 0 ]] ; then\n    cat << EOM\nerror: The sandbox is not in sync with the Podfile.lock. Run 'pod install' or update your CocoaPods installation.\nEOM\n    exit 1\nfi\n";
			showEnvVarsInLog = 0;
		};
		8905EC815059EDE24961169C /* [CP] Embed Pods Frameworks */ = {
			isa = PBXShellScriptBuildPhase;
			buildActionMask = 2147483647;
			files = (
			);
			inputPaths = (
			);
			name = "[CP] Embed Pods Frameworks";
			outputPaths = (
			);
			runOnlyForDeploymentPostprocessing = 0;
			shellPath = /bin/sh;
			shellScript = "\"${SRCROOT}/Pods/Target Support Files/Pods-learningAVPlaying/Pods-learningAVPlaying-frameworks.sh\"\n";
			showEnvVarsInLog = 0;
		};
		F8FCF48510AF53E75B8048BA /* [CP] Copy Pods Resources */ = {
			isa = PBXShellScriptBuildPhase;
			buildActionMask = 2147483647;
			files = (
			);
			inputPaths = (
			);
			name = "[CP] Copy Pods Resources";
			outputPaths = (
			);
			runOnlyForDeploymentPostprocessing = 0;
			shellPath = /bin/sh;
			shellScript = "\"${SRCROOT}/Pods/Target Support Files/Pods-learningAVPlaying/Pods-learningAVPlaying-resources.sh\"\n";
			showEnvVarsInLog = 0;
		};
/* End PBXShellScriptBuildPhase section */

/* Begin PBXSourcesBuildPhase section */
		3777651A1DC71E60006941BF /* Sources */ = {
			isa = PBXSourcesBuildPhase;
			buildActionMask = 2147483647;
			files = (
				37B3E2C41DD17F900045E14A /* playView+showHMSecond.m in Sources */,
				37B3E2C71DD182A60045E14A /* playView+slidePlayControl.m in Sources */,
				377765291DC71E60006941BF /* ViewController.m in Sources */,
				377765261DC71E60006941BF /* AppDelegate.m in Sources */,
				37F501031DCF468800EB93E6 /* playView+playControl.m in Sources */,
				37BC0EBA1DE9D9AA007E82F2 /* progressSlideView.m in Sources */,
				37F500FE1DCF45F000EB93E6 /* playView.m in Sources */,
				377765231DC71E60006941BF /* main.m in Sources */,
				37F500FF1DCF45F000EB93E6 /* progressView.m in Sources */,
				37B3E2C11DD16D2F0045E14A /* playView+playInfoShow.m in Sources */,
			);
			runOnlyForDeploymentPostprocessing = 0;
		};
		377765331DC71E60006941BF /* Sources */ = {
			isa = PBXSourcesBuildPhase;
			buildActionMask = 2147483647;
			files = (
				3777653C1DC71E60006941BF /* learningAVPlayingTests.m in Sources */,
			);
			runOnlyForDeploymentPostprocessing = 0;
		};
		3777653E1DC71E60006941BF /* Sources */ = {
			isa = PBXSourcesBuildPhase;
			buildActionMask = 2147483647;
			files = (
				377765471DC71E60006941BF /* learningAVPlayingUITests.m in Sources */,
			);
			runOnlyForDeploymentPostprocessing = 0;
		};
/* End PBXSourcesBuildPhase section */

/* Begin PBXTargetDependency section */
		377765391DC71E60006941BF /* PBXTargetDependency */ = {
			isa = PBXTargetDependency;
			target = 3777651D1DC71E60006941BF /* learningAVPlaying */;
			targetProxy = 377765381DC71E60006941BF /* PBXContainerItemProxy */;
		};
		377765441DC71E60006941BF /* PBXTargetDependency */ = {
			isa = PBXTargetDependency;
			target = 3777651D1DC71E60006941BF /* learningAVPlaying */;
			targetProxy = 377765431DC71E60006941BF /* PBXContainerItemProxy */;
		};
/* End PBXTargetDependency section */

/* Begin PBXVariantGroup section */
		3777652F1DC71E60006941BF /* LaunchScreen.storyboard */ = {
			isa = PBXVariantGroup;
			children = (
				377765301DC71E60006941BF /* Base */,
			);
			name = LaunchScreen.storyboard;
			sourceTree = "<group>";
		};
/* End PBXVariantGroup section */

/* Begin XCBuildConfiguration section */
		377765491DC71E60006941BF /* Debug */ = {
			isa = XCBuildConfiguration;
			buildSettings = {
				ALWAYS_SEARCH_USER_PATHS = NO;
				CLANG_ANALYZER_NONNULL = YES;
				CLANG_CXX_LANGUAGE_STANDARD = "gnu++0x";
				CLANG_CXX_LIBRARY = "libc++";
				CLANG_ENABLE_MODULES = YES;
				CLANG_ENABLE_OBJC_ARC = YES;
				CLANG_WARN_BOOL_CONVERSION = YES;
				CLANG_WARN_CONSTANT_CONVERSION = YES;
				CLANG_WARN_DIRECT_OBJC_ISA_USAGE = YES_ERROR;
				CLANG_WARN_DOCUMENTATION_COMMENTS = YES;
				CLANG_WARN_EMPTY_BODY = YES;
				CLANG_WARN_ENUM_CONVERSION = YES;
				CLANG_WARN_INFINITE_RECURSION = YES;
				CLANG_WARN_INT_CONVERSION = YES;
				CLANG_WARN_OBJC_ROOT_CLASS = YES_ERROR;
				CLANG_WARN_SUSPICIOUS_MOVES = YES;
				CLANG_WARN_UNREACHABLE_CODE = YES;
				CLANG_WARN__DUPLICATE_METHOD_MATCH = YES;
				"CODE_SIGN_IDENTITY[sdk=iphoneos*]" = "iPhone Developer";
				COPY_PHASE_STRIP = NO;
				DEBUG_INFORMATION_FORMAT = dwarf;
				ENABLE_STRICT_OBJC_MSGSEND = YES;
				ENABLE_TESTABILITY = YES;
				GCC_C_LANGUAGE_STANDARD = gnu99;
				GCC_DYNAMIC_NO_PIC = NO;
				GCC_NO_COMMON_BLOCKS = YES;
				GCC_OPTIMIZATION_LEVEL = 0;
				GCC_PREPROCESSOR_DEFINITIONS = (
					"DEBUG=1",
					"$(inherited)",
				);
				GCC_WARN_64_TO_32_BIT_CONVERSION = YES;
				GCC_WARN_ABOUT_RETURN_TYPE = YES_ERROR;
				GCC_WARN_UNDECLARED_SELECTOR = YES;
				GCC_WARN_UNINITIALIZED_AUTOS = YES_AGGRESSIVE;
				GCC_WARN_UNUSED_FUNCTION = YES;
				GCC_WARN_UNUSED_VARIABLE = YES;
				IPHONEOS_DEPLOYMENT_TARGET = 10.0;
				MTL_ENABLE_DEBUG_INFO = YES;
				ONLY_ACTIVE_ARCH = YES;
				SDKROOT = iphoneos;
				TARGETED_DEVICE_FAMILY = "1,2";
			};
			name = Debug;
		};
		3777654A1DC71E60006941BF /* Release */ = {
			isa = XCBuildConfiguration;
			buildSettings = {
				ALWAYS_SEARCH_USER_PATHS = NO;
				CLANG_ANALYZER_NONNULL = YES;
				CLANG_CXX_LANGUAGE_STANDARD = "gnu++0x";
				CLANG_CXX_LIBRARY = "libc++";
				CLANG_ENABLE_MODULES = YES;
				CLANG_ENABLE_OBJC_ARC = YES;
				CLANG_WARN_BOOL_CONVERSION = YES;
				CLANG_WARN_CONSTANT_CONVERSION = YES;
				CLANG_WARN_DIRECT_OBJC_ISA_USAGE = YES_ERROR;
				CLANG_WARN_DOCUMENTATION_COMMENTS = YES;
				CLANG_WARN_EMPTY_BODY = YES;
				CLANG_WARN_ENUM_CONVERSION = YES;
				CLANG_WARN_INFINITE_RECURSION = YES;
				CLANG_WARN_INT_CONVERSION = YES;
				CLANG_WARN_OBJC_ROOT_CLASS = YES_ERROR;
				CLANG_WARN_SUSPICIOUS_MOVES = YES;
				CLANG_WARN_UNREACHABLE_CODE = YES;
				CLANG_WARN__DUPLICATE_METHOD_MATCH = YES;
				"CODE_SIGN_IDENTITY[sdk=iphoneos*]" = "iPhone Developer";
				COPY_PHASE_STRIP = NO;
				DEBUG_INFORMATION_FORMAT = "dwarf-with-dsym";
				ENABLE_NS_ASSERTIONS = NO;
				ENABLE_STRICT_OBJC_MSGSEND = YES;
				GCC_C_LANGUAGE_STANDARD = gnu99;
				GCC_NO_COMMON_BLOCKS = YES;
				GCC_WARN_64_TO_32_BIT_CONVERSION = YES;
				GCC_WARN_ABOUT_RETURN_TYPE = YES_ERROR;
				GCC_WARN_UNDECLARED_SELECTOR = YES;
				GCC_WARN_UNINITIALIZED_AUTOS = YES_AGGRESSIVE;
				GCC_WARN_UNUSED_FUNCTION = YES;
				GCC_WARN_UNUSED_VARIABLE = YES;
				IPHONEOS_DEPLOYMENT_TARGET = 10.0;
				MTL_ENABLE_DEBUG_INFO = NO;
				SDKROOT = iphoneos;
				TARGETED_DEVICE_FAMILY = "1,2";
				VALIDATE_PRODUCT = YES;
			};
			name = Release;
		};
		3777654C1DC71E60006941BF /* Debug */ = {
			isa = XCBuildConfiguration;
			baseConfigurationReference = 1150460C1BED7A8FB3447378 /* Pods-learningAVPlaying.debug.xcconfig */;
			buildSettings = {
				ASSETCATALOG_COMPILER_APPICON_NAME = AppIcon;
				DEVELOPMENT_TEAM = 29F87GM9ZX;
				HEADER_SEARCH_PATHS = (
					"$(inherited)",
					"\"${PODS_ROOT}/Headers/Public\"",
					"${SRCROOT}/**",
					"\"${PODS_ROOT}/Headers/Public/Masonry\"",
				);
				INFOPLIST_FILE = learningAVPlaying/Info.plist;
				LD_RUNPATH_SEARCH_PATHS = "$(inherited) @executable_path/Frameworks";
				PRODUCT_BUNDLE_IDENTIFIER = wangchao.learningAVPlaying;
				PRODUCT_NAME = "$(TARGET_NAME)";
			};
			name = Debug;
		};
		3777654D1DC71E60006941BF /* Release */ = {
			isa = XCBuildConfiguration;
			baseConfigurationReference = B392A42543F5D71AA222456F /* Pods-learningAVPlaying.release.xcconfig */;
			buildSettings = {
				ASSETCATALOG_COMPILER_APPICON_NAME = AppIcon;
				DEVELOPMENT_TEAM = 29F87GM9ZX;
				HEADER_SEARCH_PATHS = (
					"$(inherited)",
					"\"${PODS_ROOT}/Headers/Public\"",
					"${SRCROOT}/**",
					"\"${PODS_ROOT}/Headers/Public/Masonry\"",
				);
				INFOPLIST_FILE = learningAVPlaying/Info.plist;
				LD_RUNPATH_SEARCH_PATHS = "$(inherited) @executable_path/Frameworks";
				PRODUCT_BUNDLE_IDENTIFIER = wangchao.learningAVPlaying;
				PRODUCT_NAME = "$(TARGET_NAME)";
			};
			name = Release;
		};
		3777654F1DC71E60006941BF /* Debug */ = {
			isa = XCBuildConfiguration;
			buildSettings = {
				BUNDLE_LOADER = "$(TEST_HOST)";
				DEVELOPMENT_TEAM = 29F87GM9ZX;
				INFOPLIST_FILE = learningAVPlayingTests/Info.plist;
				LD_RUNPATH_SEARCH_PATHS = "$(inherited) @executable_path/Frameworks @loader_path/Frameworks";
				PRODUCT_BUNDLE_IDENTIFIER = wangchao.learningAVPlayingTests;
				PRODUCT_NAME = "$(TARGET_NAME)";
				TEST_HOST = "$(BUILT_PRODUCTS_DIR)/learningAVPlaying.app/learningAVPlaying";
			};
			name = Debug;
		};
		377765501DC71E60006941BF /* Release */ = {
			isa = XCBuildConfiguration;
			buildSettings = {
				BUNDLE_LOADER = "$(TEST_HOST)";
				DEVELOPMENT_TEAM = 29F87GM9ZX;
				INFOPLIST_FILE = learningAVPlayingTests/Info.plist;
				LD_RUNPATH_SEARCH_PATHS = "$(inherited) @executable_path/Frameworks @loader_path/Frameworks";
				PRODUCT_BUNDLE_IDENTIFIER = wangchao.learningAVPlayingTests;
				PRODUCT_NAME = "$(TARGET_NAME)";
				TEST_HOST = "$(BUILT_PRODUCTS_DIR)/learningAVPlaying.app/learningAVPlaying";
			};
			name = Release;
		};
		377765521DC71E60006941BF /* Debug */ = {
			isa = XCBuildConfiguration;
			buildSettings = {
				DEVELOPMENT_TEAM = 29F87GM9ZX;
				INFOPLIST_FILE = learningAVPlayingUITests/Info.plist;
				LD_RUNPATH_SEARCH_PATHS = "$(inherited) @executable_path/Frameworks @loader_path/Frameworks";
				PRODUCT_BUNDLE_IDENTIFIER = wangchao.learningAVPlayingUITests;
				PRODUCT_NAME = "$(TARGET_NAME)";
				TEST_TARGET_NAME = learningAVPlaying;
			};
			name = Debug;
		};
		377765531DC71E60006941BF /* Release */ = {
			isa = XCBuildConfiguration;
			buildSettings = {
				DEVELOPMENT_TEAM = 29F87GM9ZX;
				INFOPLIST_FILE = learningAVPlayingUITests/Info.plist;
				LD_RUNPATH_SEARCH_PATHS = "$(inherited) @executable_path/Frameworks @loader_path/Frameworks";
				PRODUCT_BUNDLE_IDENTIFIER = wangchao.learningAVPlayingUITests;
				PRODUCT_NAME = "$(TARGET_NAME)";
				TEST_TARGET_NAME = learningAVPlaying;
			};
			name = Release;
		};
/* End XCBuildConfiguration section */

/* Begin XCConfigurationList section */
		377765191DC71E60006941BF /* Build configuration list for PBXProject "learningAVPlaying" */ = {
			isa = XCConfigurationList;
			buildConfigurations = (
				377765491DC71E60006941BF /* Debug */,
				3777654A1DC71E60006941BF /* Release */,
			);
			defaultConfigurationIsVisible = 0;
			defaultConfigurationName = Release;
		};
		3777654B1DC71E60006941BF /* Build configuration list for PBXNativeTarget "learningAVPlaying" */ = {
			isa = XCConfigurationList;
			buildConfigurations = (
				3777654C1DC71E60006941BF /* Debug */,
				3777654D1DC71E60006941BF /* Release */,
			);
			defaultConfigurationIsVisible = 0;
			defaultConfigurationName = Release;
		};
		3777654E1DC71E60006941BF /* Build configuration list for PBXNativeTarget "learningAVPlayingTests" */ = {
			isa = XCConfigurationList;
			buildConfigurations = (
				3777654F1DC71E60006941BF /* Debug */,
				377765501DC71E60006941BF /* Release */,
			);
			defaultConfigurationIsVisible = 0;
			defaultConfigurationName = Release;
		};
		377765511DC71E60006941BF /* Build configuration list for PBXNativeTarget "learningAVPlayingUITests" */ = {
			isa = XCConfigurationList;
			buildConfigurations = (
				377765521DC71E60006941BF /* Debug */,
				377765531DC71E60006941BF /* Release */,
			);
			defaultConfigurationIsVisible = 0;
			defaultConfigurationName = Release;
		};
/* End XCConfigurationList section */
	};
	rootObject = 377765161DC71E60006941BF /* Project object */;
}
